
Microsoft Visual Studio Solution File, Format Version 12.00
# Visual Studio Version 17
VisualStudioVersion = 17.3.32825.248
MinimumVisualStudioVersion = 10.0.40219.1
Project("{8BC9CEB8-8B4A-11D0-8D11-00A0C91BC942}") = "Project2", "Project2\Project2.vcxproj", "{DED4B29E-646A-49AA-8576-F2D2D0D93B32}"
EndProject
Global
	GlobalSection(SolutionConfigurationPlatforms) = preSolution
		Debug|x64 = Debug|x64
		Debug|x86 = Debug|x86
		Release|x64 = Release|x64
		Release|x86 = Release|x86
	EndGlobalSection
	GlobalSection(ProjectConfigurationPlatforms) = postSolution
		{DED4B29E-646A-49AA-8576-F2D2D0D93B32}.Debug|x64.ActiveCfg = Debug|x64
		{DED4B29E-646A-49AA-8576-F2D2D0D93B32}.Debug|x64.Build.0 = Debug|x64
		{DED4B29E-646A-49AA-8576-F2D2D0D93B32}.Debug|x86.ActiveCfg = Debug|Win32
		{DED4B29E-646A-49AA-8576-F2D2D0D93B32}.Debug|x86.Build.0 = Debug|Win32
		{DED4B29E-646A-49AA-8576-F2D2D0D93B32}.Release|x64.ActiveCfg = Release|x64
		{DED4B29E-646A-49AA-8576-F2D2D0D93B32}.Release|x64.Build.0 = Release|x64
		{DED4B29E-646A-49AA-8576-F2D2D0D93B32}.Release|x86.ActiveCfg = Release|Win32
		{DED4B29E-646A-49AA-8576-F2D2D0D93B32}.Release|x86.Build.0 = Release|Win32
	EndGlobalSection
	GlobalSection(SolutionProperties) = preSolution
		HideSolutionNode = FALSE
	EndGlobalSection
	GlobalSection(ExtensibilityGlobals) = postSolution
		SolutionGuid = {DF9681F7-F61D-4164-95F9-FB3D85074377}
	EndGlobalSection
EndGlobal
